// !$*UTF8*$!
{
	archiveVersion = 1;
	classes = {
	};
	objectVersion = 50;
	objects = {

/* Begin PBXBuildFile section */
		15115D74206D853800BC08D3 /* AppDelegate.swift in Sources */ = {isa = PBXBuildFile; fileRef = 15115D73206D853800BC08D3 /* AppDelegate.swift */; };
		15115D76206D853800BC08D3 /* ViewController.swift in Sources */ = {isa = PBXBuildFile; fileRef = 15115D75206D853800BC08D3 /* ViewController.swift */; };
		15115D79206D853800BC08D3 /* Main.storyboard in Resources */ = {isa = PBXBuildFile; fileRef = 15115D77206D853800BC08D3 /* Main.storyboard */; };
		15115D7B206D853900BC08D3 /* Assets.xcassets in Resources */ = {isa = PBXBuildFile; fileRef = 15115D7A206D853900BC08D3 /* Assets.xcassets */; };
		15115D7E206D853900BC08D3 /* LaunchScreen.storyboard in Resources */ = {isa = PBXBuildFile; fileRef = 15115D7C206D853900BC08D3 /* LaunchScreen.storyboard */; };
		15115D85206D886200BC08D3 /* Reloaded.framework in Frameworks */ = {isa = PBXBuildFile; fileRef = 15B758A4206D32B00080AB5E /* Reloaded.framework */; };
		15115D88206D891B00BC08D3 /* Demo-iOS.xcdatamodeld in Sources */ = {isa = PBXBuildFile; fileRef = 15115D86206D891B00BC08D3 /* Demo-iOS.xcdatamodeld */; };
		15115D97206D911300BC08D3 /* ReloadedTestsHoldingApp.xcdatamodeld in Sources */ = {isa = PBXBuildFile; fileRef = 15B75909206D34110080AB5E /* ReloadedTestsHoldingApp.xcdatamodeld */; };
		15115D99206E1B4600BC08D3 /* QueryFilter.swift in Sources */ = {isa = PBXBuildFile; fileRef = 15115D98206E1B4600BC08D3 /* QueryFilter.swift */; };
		15115D9A206E1B4600BC08D3 /* QueryFilter.swift in Sources */ = {isa = PBXBuildFile; fileRef = 15115D98206E1B4600BC08D3 /* QueryFilter.swift */; };
		15115D9B206E1B4600BC08D3 /* QueryFilter.swift in Sources */ = {isa = PBXBuildFile; fileRef = 15115D98206E1B4600BC08D3 /* QueryFilter.swift */; };
		15115D9C206E1B4600BC08D3 /* QueryFilter.swift in Sources */ = {isa = PBXBuildFile; fileRef = 15115D98206E1B4600BC08D3 /* QueryFilter.swift */; };
		15115D9E206E1B8200BC08D3 /* QueryFilterGroup.swift in Sources */ = {isa = PBXBuildFile; fileRef = 15115D9D206E1B8200BC08D3 /* QueryFilterGroup.swift */; };
		15115D9F206E1B8200BC08D3 /* QueryFilterGroup.swift in Sources */ = {isa = PBXBuildFile; fileRef = 15115D9D206E1B8200BC08D3 /* QueryFilterGroup.swift */; };
		15115DA0206E1B8200BC08D3 /* QueryFilterGroup.swift in Sources */ = {isa = PBXBuildFile; fileRef = 15115D9D206E1B8200BC08D3 /* QueryFilterGroup.swift */; };
		15115DA1206E1B8200BC08D3 /* QueryFilterGroup.swift in Sources */ = {isa = PBXBuildFile; fileRef = 15115D9D206E1B8200BC08D3 /* QueryFilterGroup.swift */; };
		15115DA4206E1E5000BC08D3 /* QuerySort.swift in Sources */ = {isa = PBXBuildFile; fileRef = 15115DA3206E1E5000BC08D3 /* QuerySort.swift */; };
		15115DA5206E1E5000BC08D3 /* QuerySort.swift in Sources */ = {isa = PBXBuildFile; fileRef = 15115DA3206E1E5000BC08D3 /* QuerySort.swift */; };
		15115DA6206E1E5000BC08D3 /* QuerySort.swift in Sources */ = {isa = PBXBuildFile; fileRef = 15115DA3206E1E5000BC08D3 /* QuerySort.swift */; };
		15115DA7206E1E5000BC08D3 /* QuerySort.swift in Sources */ = {isa = PBXBuildFile; fileRef = 15115DA3206E1E5000BC08D3 /* QuerySort.swift */; };
		15B75874206D30FD0080AB5E /* Reloaded.framework in Frameworks */ = {isa = PBXBuildFile; fileRef = 15B7586A206D30FD0080AB5E /* Reloaded.framework */; };
		15B75879206D30FD0080AB5E /* ReloadedTests.swift in Sources */ = {isa = PBXBuildFile; fileRef = 15B75878206D30FD0080AB5E /* ReloadedTests.swift */; };
		15B7587B206D30FD0080AB5E /* Reloaded.h in Headers */ = {isa = PBXBuildFile; fileRef = 15B7586D206D30FD0080AB5E /* Reloaded.h */; settings = {ATTRIBUTES = (Public, ); }; };
		15B75894206D316E0080AB5E /* Array+NSPredicate.swift in Sources */ = {isa = PBXBuildFile; fileRef = 15B75886206D316E0080AB5E /* Array+NSPredicate.swift */; };
		15B75895206D316E0080AB5E /* Query.swift in Sources */ = {isa = PBXBuildFile; fileRef = 15B75888206D316E0080AB5E /* Query.swift */; };
		15B75896206D316E0080AB5E /* Sorting.swift in Sources */ = {isa = PBXBuildFile; fileRef = 15B75889206D316E0080AB5E /* Sorting.swift */; };
		15B75897206D316E0080AB5E /* QueryField.swift in Sources */ = {isa = PBXBuildFile; fileRef = 15B7588A206D316E0080AB5E /* QueryField.swift */; };
		15B75898206D316E0080AB5E /* QueryFilterValue.swift in Sources */ = {isa = PBXBuildFile; fileRef = 15B7588C206D316E0080AB5E /* QueryFilterValue.swift */; };
		15B75899206D316E0080AB5E /* QueryFilterType.swift in Sources */ = {isa = PBXBuildFile; fileRef = 15B7588D206D316E0080AB5E /* QueryFilterType.swift */; };
		15B7589A206D316E0080AB5E /* Filters.swift in Sources */ = {isa = PBXBuildFile; fileRef = 15B7588E206D316E0080AB5E /* Filters.swift */; };
		15B7589B206D316E0080AB5E /* CoreData.swift in Sources */ = {isa = PBXBuildFile; fileRef = 15B7588F206D316E0080AB5E /* CoreData.swift */; };
		15B7589C206D316E0080AB5E /* Entity.swift in Sources */ = {isa = PBXBuildFile; fileRef = 15B75891206D316E0080AB5E /* Entity.swift */; };
		15B7589D206D316E0080AB5E /* QueryExecutable.swift in Sources */ = {isa = PBXBuildFile; fileRef = 15B75892206D316E0080AB5E /* QueryExecutable.swift */; };
		15B7589E206D316E0080AB5E /* QueryDataRepresentable.swift in Sources */ = {isa = PBXBuildFile; fileRef = 15B75893206D316E0080AB5E /* QueryDataRepresentable.swift */; };
		15B758B4206D32B10080AB5E /* Reloaded_iOS.h in Headers */ = {isa = PBXBuildFile; fileRef = 15B758A6206D32B00080AB5E /* Reloaded_iOS.h */; settings = {ATTRIBUTES = (Public, ); }; };
		15B758D0206D32E50080AB5E /* Reloaded_tvOS.h in Headers */ = {isa = PBXBuildFile; fileRef = 15B758C2206D32E50080AB5E /* Reloaded_tvOS.h */; settings = {ATTRIBUTES = (Public, ); }; };
		15B758D7206D330D0080AB5E /* Array+NSPredicate.swift in Sources */ = {isa = PBXBuildFile; fileRef = 15B75886206D316E0080AB5E /* Array+NSPredicate.swift */; };
		15B758D8206D330D0080AB5E /* Query.swift in Sources */ = {isa = PBXBuildFile; fileRef = 15B75888206D316E0080AB5E /* Query.swift */; };
		15B758D9206D330D0080AB5E /* Sorting.swift in Sources */ = {isa = PBXBuildFile; fileRef = 15B75889206D316E0080AB5E /* Sorting.swift */; };
		15B758DA206D330D0080AB5E /* QueryField.swift in Sources */ = {isa = PBXBuildFile; fileRef = 15B7588A206D316E0080AB5E /* QueryField.swift */; };
		15B758DB206D330D0080AB5E /* QueryFilterValue.swift in Sources */ = {isa = PBXBuildFile; fileRef = 15B7588C206D316E0080AB5E /* QueryFilterValue.swift */; };
		15B758DC206D330D0080AB5E /* QueryFilterType.swift in Sources */ = {isa = PBXBuildFile; fileRef = 15B7588D206D316E0080AB5E /* QueryFilterType.swift */; };
		15B758DD206D330D0080AB5E /* Filters.swift in Sources */ = {isa = PBXBuildFile; fileRef = 15B7588E206D316E0080AB5E /* Filters.swift */; };
		15B758DE206D330D0080AB5E /* CoreData.swift in Sources */ = {isa = PBXBuildFile; fileRef = 15B7588F206D316E0080AB5E /* CoreData.swift */; };
		15B758DF206D330D0080AB5E /* Entity.swift in Sources */ = {isa = PBXBuildFile; fileRef = 15B75891206D316E0080AB5E /* Entity.swift */; };
		15B758E0206D330D0080AB5E /* QueryExecutable.swift in Sources */ = {isa = PBXBuildFile; fileRef = 15B75892206D316E0080AB5E /* QueryExecutable.swift */; };
		15B758E1206D330D0080AB5E /* QueryDataRepresentable.swift in Sources */ = {isa = PBXBuildFile; fileRef = 15B75893206D316E0080AB5E /* QueryDataRepresentable.swift */; };
		15B758E2206D330E0080AB5E /* Array+NSPredicate.swift in Sources */ = {isa = PBXBuildFile; fileRef = 15B75886206D316E0080AB5E /* Array+NSPredicate.swift */; };
		15B758E3206D330E0080AB5E /* Query.swift in Sources */ = {isa = PBXBuildFile; fileRef = 15B75888206D316E0080AB5E /* Query.swift */; };
		15B758E4206D330E0080AB5E /* Sorting.swift in Sources */ = {isa = PBXBuildFile; fileRef = 15B75889206D316E0080AB5E /* Sorting.swift */; };
		15B758E5206D330E0080AB5E /* QueryField.swift in Sources */ = {isa = PBXBuildFile; fileRef = 15B7588A206D316E0080AB5E /* QueryField.swift */; };
		15B758E6206D330E0080AB5E /* QueryFilterValue.swift in Sources */ = {isa = PBXBuildFile; fileRef = 15B7588C206D316E0080AB5E /* QueryFilterValue.swift */; };
		15B758E7206D330E0080AB5E /* QueryFilterType.swift in Sources */ = {isa = PBXBuildFile; fileRef = 15B7588D206D316E0080AB5E /* QueryFilterType.swift */; };
		15B758E8206D330E0080AB5E /* Filters.swift in Sources */ = {isa = PBXBuildFile; fileRef = 15B7588E206D316E0080AB5E /* Filters.swift */; };
		15B758E9206D330E0080AB5E /* CoreData.swift in Sources */ = {isa = PBXBuildFile; fileRef = 15B7588F206D316E0080AB5E /* CoreData.swift */; };
		15B758EA206D330E0080AB5E /* Entity.swift in Sources */ = {isa = PBXBuildFile; fileRef = 15B75891206D316E0080AB5E /* Entity.swift */; };
		15B758EB206D330E0080AB5E /* QueryExecutable.swift in Sources */ = {isa = PBXBuildFile; fileRef = 15B75892206D316E0080AB5E /* QueryExecutable.swift */; };
		15B758EC206D330E0080AB5E /* QueryDataRepresentable.swift in Sources */ = {isa = PBXBuildFile; fileRef = 15B75893206D316E0080AB5E /* QueryDataRepresentable.swift */; };
		15B758F6206D335D0080AB5E /* Reloaded_watchOS.h in Headers */ = {isa = PBXBuildFile; fileRef = 15B758F4206D335D0080AB5E /* Reloaded_watchOS.h */; settings = {ATTRIBUTES = (Public, ); }; };
		15B758FA206D33720080AB5E /* Array+NSPredicate.swift in Sources */ = {isa = PBXBuildFile; fileRef = 15B75886206D316E0080AB5E /* Array+NSPredicate.swift */; };
		15B758FB206D33720080AB5E /* Query.swift in Sources */ = {isa = PBXBuildFile; fileRef = 15B75888206D316E0080AB5E /* Query.swift */; };
		15B758FC206D33720080AB5E /* Sorting.swift in Sources */ = {isa = PBXBuildFile; fileRef = 15B75889206D316E0080AB5E /* Sorting.swift */; };
		15B758FD206D33720080AB5E /* QueryField.swift in Sources */ = {isa = PBXBuildFile; fileRef = 15B7588A206D316E0080AB5E /* QueryField.swift */; };
		15B758FE206D33720080AB5E /* QueryFilterValue.swift in Sources */ = {isa = PBXBuildFile; fileRef = 15B7588C206D316E0080AB5E /* QueryFilterValue.swift */; };
		15B758FF206D33720080AB5E /* QueryFilterType.swift in Sources */ = {isa = PBXBuildFile; fileRef = 15B7588D206D316E0080AB5E /* QueryFilterType.swift */; };
		15B75900206D33720080AB5E /* Filters.swift in Sources */ = {isa = PBXBuildFile; fileRef = 15B7588E206D316E0080AB5E /* Filters.swift */; };
		15B75901206D33720080AB5E /* CoreData.swift in Sources */ = {isa = PBXBuildFile; fileRef = 15B7588F206D316E0080AB5E /* CoreData.swift */; };
		15B75902206D33720080AB5E /* Entity.swift in Sources */ = {isa = PBXBuildFile; fileRef = 15B75891206D316E0080AB5E /* Entity.swift */; };
		15B75903206D33720080AB5E /* QueryExecutable.swift in Sources */ = {isa = PBXBuildFile; fileRef = 15B75892206D316E0080AB5E /* QueryExecutable.swift */; };
		15B75904206D33720080AB5E /* QueryDataRepresentable.swift in Sources */ = {isa = PBXBuildFile; fileRef = 15B75893206D316E0080AB5E /* QueryDataRepresentable.swift */; };
		15B75911206D36460080AB5E /* Setup.swift in Sources */ = {isa = PBXBuildFile; fileRef = 15B75910206D36460080AB5E /* Setup.swift */; };
		15B75919206D370B0080AB5E /* AppDelegate.swift in Sources */ = {isa = PBXBuildFile; fileRef = 15B75918206D370B0080AB5E /* AppDelegate.swift */; };
		15B7591B206D370C0080AB5E /* Assets.xcassets in Resources */ = {isa = PBXBuildFile; fileRef = 15B7591A206D370C0080AB5E /* Assets.xcassets */; };
		15B7591E206D370C0080AB5E /* MainMenu.xib in Resources */ = {isa = PBXBuildFile; fileRef = 15B7591C206D370C0080AB5E /* MainMenu.xib */; };
/* End PBXBuildFile section */

/* Begin PBXContainerItemProxy section */
		15115D83206D855600BC08D3 /* PBXContainerItemProxy */ = {
			isa = PBXContainerItemProxy;
			containerPortal = 15B75861206D30FD0080AB5E /* Project object */;
			proxyType = 1;
			remoteGlobalIDString = 15B758A3206D32B00080AB5E;
			remoteInfo = "Reloaded-iOS";
		};
		15115D95206D905F00BC08D3 /* PBXContainerItemProxy */ = {
			isa = PBXContainerItemProxy;
			containerPortal = 15B75861206D30FD0080AB5E /* Project object */;
			proxyType = 1;
			remoteGlobalIDString = 15B75915206D370B0080AB5E;
			remoteInfo = ReloadedTestsHoldingApp;
		};
		15B75875206D30FD0080AB5E /* PBXContainerItemProxy */ = {
			isa = PBXContainerItemProxy;
			containerPortal = 15B75861206D30FD0080AB5E /* Project object */;
			proxyType = 1;
			remoteGlobalIDString = 15B75869206D30FD0080AB5E;
			remoteInfo = Reloaded;
		};
/* End PBXContainerItemProxy section */

/* Begin PBXFileReference section */
		15115D71206D853800BC08D3 /* Demo-iOS.app */ = {isa = PBXFileReference; explicitFileType = wrapper.application; includeInIndex = 0; path = "Demo-iOS.app"; sourceTree = BUILT_PRODUCTS_DIR; };
		15115D73206D853800BC08D3 /* AppDelegate.swift */ = {isa = PBXFileReference; lastKnownFileType = sourcecode.swift; path = AppDelegate.swift; sourceTree = "<group>"; };
		15115D75206D853800BC08D3 /* ViewController.swift */ = {isa = PBXFileReference; lastKnownFileType = sourcecode.swift; path = ViewController.swift; sourceTree = "<group>"; };
		15115D78206D853800BC08D3 /* Base */ = {isa = PBXFileReference; lastKnownFileType = file.storyboard; name = Base; path = Base.lproj/Main.storyboard; sourceTree = "<group>"; };
		15115D7A206D853900BC08D3 /* Assets.xcassets */ = {isa = PBXFileReference; lastKnownFileType = folder.assetcatalog; path = Assets.xcassets; sourceTree = "<group>"; };
		15115D7D206D853900BC08D3 /* Base */ = {isa = PBXFileReference; lastKnownFileType = file.storyboard; name = Base; path = Base.lproj/LaunchScreen.storyboard; sourceTree = "<group>"; };
		15115D7F206D853900BC08D3 /* Info.plist */ = {isa = PBXFileReference; lastKnownFileType = text.plist.xml; path = Info.plist; sourceTree = "<group>"; };
		15115D87206D891B00BC08D3 /* Demo-iOS.xcdatamodel */ = {isa = PBXFileReference; lastKnownFileType = wrapper.xcdatamodel; path = "Demo-iOS.xcdatamodel"; sourceTree = "<group>"; };
		15115D98206E1B4600BC08D3 /* QueryFilter.swift */ = {isa = PBXFileReference; lastKnownFileType = sourcecode.swift; path = QueryFilter.swift; sourceTree = "<group>"; };
		15115D9D206E1B8200BC08D3 /* QueryFilterGroup.swift */ = {isa = PBXFileReference; lastKnownFileType = sourcecode.swift; path = QueryFilterGroup.swift; sourceTree = "<group>"; };
		15115DA3206E1E5000BC08D3 /* QuerySort.swift */ = {isa = PBXFileReference; lastKnownFileType = sourcecode.swift; path = QuerySort.swift; sourceTree = "<group>"; };
		15115DAF206E256800BC08D3 /* LICENSE */ = {isa = PBXFileReference; lastKnownFileType = text; path = LICENSE; sourceTree = "<group>"; };
		15115DB0206E256800BC08D3 /* README.md */ = {isa = PBXFileReference; lastKnownFileType = net.daringfireball.markdown; path = README.md; sourceTree = "<group>"; };
		15B7586A206D30FD0080AB5E /* Reloaded.framework */ = {isa = PBXFileReference; explicitFileType = wrapper.framework; includeInIndex = 0; path = Reloaded.framework; sourceTree = BUILT_PRODUCTS_DIR; };
		15B7586D206D30FD0080AB5E /* Reloaded.h */ = {isa = PBXFileReference; lastKnownFileType = sourcecode.c.h; path = Reloaded.h; sourceTree = "<group>"; };
		15B7586E206D30FD0080AB5E /* Info.plist */ = {isa = PBXFileReference; lastKnownFileType = text.plist.xml; path = Info.plist; sourceTree = "<group>"; };
		15B75873206D30FD0080AB5E /* ReloadedTests.xctest */ = {isa = PBXFileReference; explicitFileType = wrapper.cfbundle; includeInIndex = 0; path = ReloadedTests.xctest; sourceTree = BUILT_PRODUCTS_DIR; };
		15B75878206D30FD0080AB5E /* ReloadedTests.swift */ = {isa = PBXFileReference; lastKnownFileType = sourcecode.swift; path = ReloadedTests.swift; sourceTree = "<group>"; };
		15B7587A206D30FD0080AB5E /* Info.plist */ = {isa = PBXFileReference; lastKnownFileType = text.plist.xml; path = Info.plist; sourceTree = "<group>"; };
		15B75886206D316E0080AB5E /* Array+NSPredicate.swift */ = {isa = PBXFileReference; fileEncoding = 4; lastKnownFileType = sourcecode.swift; path = "Array+NSPredicate.swift"; sourceTree = "<group>"; };
		15B75888206D316E0080AB5E /* Query.swift */ = {isa = PBXFileReference; fileEncoding = 4; lastKnownFileType = sourcecode.swift; path = Query.swift; sourceTree = "<group>"; };
		15B75889206D316E0080AB5E /* Sorting.swift */ = {isa = PBXFileReference; fileEncoding = 4; lastKnownFileType = sourcecode.swift; path = Sorting.swift; sourceTree = "<group>"; };
		15B7588A206D316E0080AB5E /* QueryField.swift */ = {isa = PBXFileReference; fileEncoding = 4; lastKnownFileType = sourcecode.swift; path = QueryField.swift; sourceTree = "<group>"; };
		15B7588C206D316E0080AB5E /* QueryFilterValue.swift */ = {isa = PBXFileReference; fileEncoding = 4; lastKnownFileType = sourcecode.swift; path = QueryFilterValue.swift; sourceTree = "<group>"; };
		15B7588D206D316E0080AB5E /* QueryFilterType.swift */ = {isa = PBXFileReference; fileEncoding = 4; lastKnownFileType = sourcecode.swift; path = QueryFilterType.swift; sourceTree = "<group>"; };
		15B7588E206D316E0080AB5E /* Filters.swift */ = {isa = PBXFileReference; fileEncoding = 4; lastKnownFileType = sourcecode.swift; path = Filters.swift; sourceTree = "<group>"; };
		15B7588F206D316E0080AB5E /* CoreData.swift */ = {isa = PBXFileReference; fileEncoding = 4; lastKnownFileType = sourcecode.swift; path = CoreData.swift; sourceTree = "<group>"; };
		15B75891206D316E0080AB5E /* Entity.swift */ = {isa = PBXFileReference; fileEncoding = 4; lastKnownFileType = sourcecode.swift; path = Entity.swift; sourceTree = "<group>"; };
		15B75892206D316E0080AB5E /* QueryExecutable.swift */ = {isa = PBXFileReference; fileEncoding = 4; lastKnownFileType = sourcecode.swift; path = QueryExecutable.swift; sourceTree = "<group>"; };
		15B75893206D316E0080AB5E /* QueryDataRepresentable.swift */ = {isa = PBXFileReference; fileEncoding = 4; lastKnownFileType = sourcecode.swift; path = QueryDataRepresentable.swift; sourceTree = "<group>"; };
		15B758A4206D32B00080AB5E /* Reloaded.framework */ = {isa = PBXFileReference; explicitFileType = wrapper.framework; includeInIndex = 0; path = Reloaded.framework; sourceTree = BUILT_PRODUCTS_DIR; };
		15B758A6206D32B00080AB5E /* Reloaded_iOS.h */ = {isa = PBXFileReference; lastKnownFileType = sourcecode.c.h; path = Reloaded_iOS.h; sourceTree = "<group>"; };
		15B758A7206D32B00080AB5E /* Info.plist */ = {isa = PBXFileReference; lastKnownFileType = text.plist.xml; path = Info.plist; sourceTree = "<group>"; };
		15B758C0206D32E50080AB5E /* .framework */ = {isa = PBXFileReference; explicitFileType = wrapper.framework; includeInIndex = 0; name = .framework; path = Reloaded.framework; sourceTree = BUILT_PRODUCTS_DIR; };
		15B758C2206D32E50080AB5E /* Reloaded_tvOS.h */ = {isa = PBXFileReference; lastKnownFileType = sourcecode.c.h; path = Reloaded_tvOS.h; sourceTree = "<group>"; };
		15B758C3206D32E50080AB5E /* Info.plist */ = {isa = PBXFileReference; lastKnownFileType = text.plist.xml; path = Info.plist; sourceTree = "<group>"; };
		15B758F2206D335D0080AB5E /* .framework */ = {isa = PBXFileReference; explicitFileType = wrapper.framework; includeInIndex = 0; name = .framework; path = Reloaded.framework; sourceTree = BUILT_PRODUCTS_DIR; };
		15B758F4206D335D0080AB5E /* Reloaded_watchOS.h */ = {isa = PBXFileReference; lastKnownFileType = sourcecode.c.h; path = Reloaded_watchOS.h; sourceTree = "<group>"; };
		15B758F5206D335D0080AB5E /* Info.plist */ = {isa = PBXFileReference; lastKnownFileType = text.plist.xml; path = Info.plist; sourceTree = "<group>"; };
		15B7590A206D34110080AB5E /* TestData.xcdatamodel */ = {isa = PBXFileReference; lastKnownFileType = wrapper.xcdatamodel; path = TestData.xcdatamodel; sourceTree = "<group>"; };
		15B75910206D36460080AB5E /* Setup.swift */ = {isa = PBXFileReference; lastKnownFileType = sourcecode.swift; path = Setup.swift; sourceTree = "<group>"; };
		15B75916206D370B0080AB5E /* ReloadedTestsHoldingApp.app */ = {isa = PBXFileReference; explicitFileType = wrapper.application; includeInIndex = 0; path = ReloadedTestsHoldingApp.app; sourceTree = BUILT_PRODUCTS_DIR; };
		15B75918206D370B0080AB5E /* AppDelegate.swift */ = {isa = PBXFileReference; lastKnownFileType = sourcecode.swift; path = AppDelegate.swift; sourceTree = "<group>"; };
		15B7591A206D370C0080AB5E /* Assets.xcassets */ = {isa = PBXFileReference; lastKnownFileType = folder.assetcatalog; path = Assets.xcassets; sourceTree = "<group>"; };
		15B7591D206D370C0080AB5E /* Base */ = {isa = PBXFileReference; lastKnownFileType = file.xib; name = Base; path = Base.lproj/MainMenu.xib; sourceTree = "<group>"; };
		15B7591F206D370C0080AB5E /* Info.plist */ = {isa = PBXFileReference; lastKnownFileType = text.plist.xml; path = Info.plist; sourceTree = "<group>"; };
		15B75920206D370C0080AB5E /* ReloadedTestsHoldingApp.entitlements */ = {isa = PBXFileReference; lastKnownFileType = text.plist.entitlements; path = ReloadedTestsHoldingApp.entitlements; sourceTree = "<group>"; };
/* End PBXFileReference section */

/* Begin PBXFrameworksBuildPhase section */
		15115D6E206D853800BC08D3 /* Frameworks */ = {
			isa = PBXFrameworksBuildPhase;
			buildActionMask = 2147483647;
			files = (
				15115D85206D886200BC08D3 /* Reloaded.framework in Frameworks */,
			);
			runOnlyForDeploymentPostprocessing = 0;
		};
		15B75866206D30FD0080AB5E /* Frameworks */ = {
			isa = PBXFrameworksBuildPhase;
			buildActionMask = 2147483647;
			files = (
			);
			runOnlyForDeploymentPostprocessing = 0;
		};
		15B75870206D30FD0080AB5E /* Frameworks */ = {
			isa = PBXFrameworksBuildPhase;
			buildActionMask = 2147483647;
			files = (
				15B75874206D30FD0080AB5E /* Reloaded.framework in Frameworks */,
			);
			runOnlyForDeploymentPostprocessing = 0;
		};
		15B758A0206D32B00080AB5E /* Frameworks */ = {
			isa = PBXFrameworksBuildPhase;
			buildActionMask = 2147483647;
			files = (
			);
			runOnlyForDeploymentPostprocessing = 0;
		};
		15B758BC206D32E50080AB5E /* Frameworks */ = {
			isa = PBXFrameworksBuildPhase;
			buildActionMask = 2147483647;
			files = (
			);
			runOnlyForDeploymentPostprocessing = 0;
		};
		15B758EE206D335D0080AB5E /* Frameworks */ = {
			isa = PBXFrameworksBuildPhase;
			buildActionMask = 2147483647;
			files = (
			);
			runOnlyForDeploymentPostprocessing = 0;
		};
		15B75913206D370B0080AB5E /* Frameworks */ = {
			isa = PBXFrameworksBuildPhase;
			buildActionMask = 2147483647;
			files = (
			);
			runOnlyForDeploymentPostprocessing = 0;
		};
/* End PBXFrameworksBuildPhase section */

/* Begin PBXGroup section */
		15115D72206D853800BC08D3 /* Demo-iOS */ = {
			isa = PBXGroup;
			children = (
				15115D75206D853800BC08D3 /* ViewController.swift */,
				15115D86206D891B00BC08D3 /* Demo-iOS.xcdatamodeld */,
				15115D8D206D8DA700BC08D3 /* Supporting files */,
			);
			path = "Demo-iOS";
			sourceTree = "<group>";
		};
		15115D8D206D8DA700BC08D3 /* Supporting files */ = {
			isa = PBXGroup;
			children = (
				15115D73206D853800BC08D3 /* AppDelegate.swift */,
				15115D77206D853800BC08D3 /* Main.storyboard */,
				15115D7A206D853900BC08D3 /* Assets.xcassets */,
				15115D7C206D853900BC08D3 /* LaunchScreen.storyboard */,
				15115D7F206D853900BC08D3 /* Info.plist */,
			);
			path = "Supporting files";
			sourceTree = "<group>";
		};
		15115DA2206E1E2F00BC08D3 /* Sortting */ = {
			isa = PBXGroup;
			children = (
				15B75889206D316E0080AB5E /* Sorting.swift */,
				15115DA3206E1E5000BC08D3 /* QuerySort.swift */,
			);
			path = Sortting;
			sourceTree = "<group>";
		};
		15115DAE206E255100BC08D3 /* Other */ = {
			isa = PBXGroup;
			children = (
				15115DB0206E256800BC08D3 /* README.md */,
				15115DAF206E256800BC08D3 /* LICENSE */,
			);
			name = Other;
			sourceTree = "<group>";
		};
		15B75860206D30FD0080AB5E = {
			isa = PBXGroup;
			children = (
				15115DAE206E255100BC08D3 /* Other */,
				15115D72206D853800BC08D3 /* Demo-iOS */,
				15B75884206D316E0080AB5E /* Classes */,
				15B7586C206D30FD0080AB5E /* Reloaded-macOS */,
				15B758A5206D32B00080AB5E /* Reloaded-iOS */,
				15B758C1206D32E50080AB5E /* Reloaded-tvOS */,
				15B758F3206D335D0080AB5E /* Reloaded-watchOS */,
				15B75877206D30FD0080AB5E /* ReloadedTests */,
				15B75917206D370B0080AB5E /* ReloadedTestsHoldingApp */,
				15B7586B206D30FD0080AB5E /* Products */,
			);
			sourceTree = "<group>";
		};
		15B7586B206D30FD0080AB5E /* Products */ = {
			isa = PBXGroup;
			children = (
				15B7586A206D30FD0080AB5E /* Reloaded.framework */,
				15B75873206D30FD0080AB5E /* ReloadedTests.xctest */,
				15B758A4206D32B00080AB5E /* Reloaded.framework */,
				15B758C0206D32E50080AB5E /* .framework */,
				15B758F2206D335D0080AB5E /* .framework */,
				15B75916206D370B0080AB5E /* ReloadedTestsHoldingApp.app */,
				15115D71206D853800BC08D3 /* Demo-iOS.app */,
			);
			name = Products;
			sourceTree = "<group>";
		};
		15B7586C206D30FD0080AB5E /* Reloaded-macOS */ = {
			isa = PBXGroup;
			children = (
				15B7586D206D30FD0080AB5E /* Reloaded.h */,
				15B7586E206D30FD0080AB5E /* Info.plist */,
			);
			path = "Reloaded-macOS";
			sourceTree = "<group>";
		};
		15B75877206D30FD0080AB5E /* ReloadedTests */ = {
			isa = PBXGroup;
			children = (
				15B75908206D33EE0080AB5E /* Supporting files */,
				15B75905206D33CA0080AB5E /* Setup */,
				15B75878206D30FD0080AB5E /* ReloadedTests.swift */,
				15B7587A206D30FD0080AB5E /* Info.plist */,
			);
			path = ReloadedTests;
			sourceTree = "<group>";
		};
		15B75884206D316E0080AB5E /* Classes */ = {
			isa = PBXGroup;
			children = (
				15B75885206D316E0080AB5E /* Extensions */,
				15B75887206D316E0080AB5E /* Libs */,
				15B7588F206D316E0080AB5E /* CoreData.swift */,
				15B75890206D316E0080AB5E /* Protocols */,
			);
			path = Classes;
			sourceTree = "<group>";
		};
		15B75885206D316E0080AB5E /* Extensions */ = {
			isa = PBXGroup;
			children = (
				15B75886206D316E0080AB5E /* Array+NSPredicate.swift */,
			);
			path = Extensions;
			sourceTree = "<group>";
		};
		15B75887206D316E0080AB5E /* Libs */ = {
			isa = PBXGroup;
			children = (
				15B75888206D316E0080AB5E /* Query.swift */,
				15B7588A206D316E0080AB5E /* QueryField.swift */,
				15B7588B206D316E0080AB5E /* Filter */,
				15115DA2206E1E2F00BC08D3 /* Sortting */,
			);
			path = Libs;
			sourceTree = "<group>";
		};
		15B7588B206D316E0080AB5E /* Filter */ = {
			isa = PBXGroup;
			children = (
				15B7588C206D316E0080AB5E /* QueryFilterValue.swift */,
				15B7588D206D316E0080AB5E /* QueryFilterType.swift */,
				15B7588E206D316E0080AB5E /* Filters.swift */,
				15115D98206E1B4600BC08D3 /* QueryFilter.swift */,
				15115D9D206E1B8200BC08D3 /* QueryFilterGroup.swift */,
			);
			path = Filter;
			sourceTree = "<group>";
		};
		15B75890206D316E0080AB5E /* Protocols */ = {
			isa = PBXGroup;
			children = (
				15B75891206D316E0080AB5E /* Entity.swift */,
				15B75892206D316E0080AB5E /* QueryExecutable.swift */,
				15B75893206D316E0080AB5E /* QueryDataRepresentable.swift */,
			);
			path = Protocols;
			sourceTree = "<group>";
		};
		15B758A5206D32B00080AB5E /* Reloaded-iOS */ = {
			isa = PBXGroup;
			children = (
				15B758A6206D32B00080AB5E /* Reloaded_iOS.h */,
				15B758A7206D32B00080AB5E /* Info.plist */,
			);
			path = "Reloaded-iOS";
			sourceTree = "<group>";
		};
		15B758C1206D32E50080AB5E /* Reloaded-tvOS */ = {
			isa = PBXGroup;
			children = (
				15B758C2206D32E50080AB5E /* Reloaded_tvOS.h */,
				15B758C3206D32E50080AB5E /* Info.plist */,
			);
			path = "Reloaded-tvOS";
			sourceTree = "<group>";
		};
		15B758F3206D335D0080AB5E /* Reloaded-watchOS */ = {
			isa = PBXGroup;
			children = (
				15B758F4206D335D0080AB5E /* Reloaded_watchOS.h */,
				15B758F5206D335D0080AB5E /* Info.plist */,
			);
			path = "Reloaded-watchOS";
			sourceTree = "<group>";
		};
		15B75905206D33CA0080AB5E /* Setup */ = {
			isa = PBXGroup;
			children = (
				15B75910206D36460080AB5E /* Setup.swift */,
			);
			path = Setup;
			sourceTree = "<group>";
		};
		15B75908206D33EE0080AB5E /* Supporting files */ = {
			isa = PBXGroup;
			children = (
			);
			path = "Supporting files";
			sourceTree = "<group>";
		};
		15B75917206D370B0080AB5E /* ReloadedTestsHoldingApp */ = {
			isa = PBXGroup;
			children = (
				15B75909206D34110080AB5E /* ReloadedTestsHoldingApp.xcdatamodeld */,
				15B75918206D370B0080AB5E /* AppDelegate.swift */,
				15B7591A206D370C0080AB5E /* Assets.xcassets */,
				15B7591C206D370C0080AB5E /* MainMenu.xib */,
				15B7591F206D370C0080AB5E /* Info.plist */,
				15B75920206D370C0080AB5E /* ReloadedTestsHoldingApp.entitlements */,
			);
			path = ReloadedTestsHoldingApp;
			sourceTree = "<group>";
		};
/* End PBXGroup section */

/* Begin PBXHeadersBuildPhase section */
		15B75867206D30FD0080AB5E /* Headers */ = {
			isa = PBXHeadersBuildPhase;
			buildActionMask = 2147483647;
			files = (
				15B7587B206D30FD0080AB5E /* Reloaded.h in Headers */,
			);
			runOnlyForDeploymentPostprocessing = 0;
		};
		15B758A1206D32B00080AB5E /* Headers */ = {
			isa = PBXHeadersBuildPhase;
			buildActionMask = 2147483647;
			files = (
				15B758B4206D32B10080AB5E /* Reloaded_iOS.h in Headers */,
			);
			runOnlyForDeploymentPostprocessing = 0;
		};
		15B758BD206D32E50080AB5E /* Headers */ = {
			isa = PBXHeadersBuildPhase;
			buildActionMask = 2147483647;
			files = (
				15B758D0206D32E50080AB5E /* Reloaded_tvOS.h in Headers */,
			);
			runOnlyForDeploymentPostprocessing = 0;
		};
		15B758EF206D335D0080AB5E /* Headers */ = {
			isa = PBXHeadersBuildPhase;
			buildActionMask = 2147483647;
			files = (
				15B758F6206D335D0080AB5E /* Reloaded_watchOS.h in Headers */,
			);
			runOnlyForDeploymentPostprocessing = 0;
		};
/* End PBXHeadersBuildPhase section */

/* Begin PBXNativeTarget section */
		15115D70206D853800BC08D3 /* Demo-iOS */ = {
			isa = PBXNativeTarget;
			buildConfigurationList = 15115D82206D853900BC08D3 /* Build configuration list for PBXNativeTarget "Demo-iOS" */;
			buildPhases = (
				15115D6D206D853800BC08D3 /* Sources */,
				15115D6E206D853800BC08D3 /* Frameworks */,
				15115D6F206D853800BC08D3 /* Resources */,
			);
			buildRules = (
			);
			dependencies = (
				15115D84206D855600BC08D3 /* PBXTargetDependency */,
			);
			name = "Demo-iOS";
			productName = "Demo-iOS";
			productReference = 15115D71206D853800BC08D3 /* Demo-iOS.app */;
			productType = "com.apple.product-type.application";
		};
		15B75869206D30FD0080AB5E /* Reloaded-macOS */ = {
			isa = PBXNativeTarget;
			buildConfigurationList = 15B7587E206D30FD0080AB5E /* Build configuration list for PBXNativeTarget "Reloaded-macOS" */;
			buildPhases = (
				15B75865206D30FD0080AB5E /* Sources */,
				15B75866206D30FD0080AB5E /* Frameworks */,
				15B75867206D30FD0080AB5E /* Headers */,
				15B75868206D30FD0080AB5E /* Resources */,
			);
			buildRules = (
			);
			dependencies = (
			);
			name = "Reloaded-macOS";
			productName = Reloaded;
			productReference = 15B7586A206D30FD0080AB5E /* Reloaded.framework */;
			productType = "com.apple.product-type.framework";
		};
		15B75872206D30FD0080AB5E /* ReloadedTests */ = {
			isa = PBXNativeTarget;
			buildConfigurationList = 15B75881206D30FD0080AB5E /* Build configuration list for PBXNativeTarget "ReloadedTests" */;
			buildPhases = (
				15B7586F206D30FD0080AB5E /* Sources */,
				15B75870206D30FD0080AB5E /* Frameworks */,
				15B75871206D30FD0080AB5E /* Resources */,
			);
			buildRules = (
			);
			dependencies = (
				15B75876206D30FD0080AB5E /* PBXTargetDependency */,
				15115D96206D905F00BC08D3 /* PBXTargetDependency */,
			);
			name = ReloadedTests;
			productName = ReloadedTests;
			productReference = 15B75873206D30FD0080AB5E /* ReloadedTests.xctest */;
			productType = "com.apple.product-type.bundle.unit-test";
		};
		15B758A3206D32B00080AB5E /* Reloaded-iOS */ = {
			isa = PBXNativeTarget;
			buildConfigurationList = 15B758B5206D32B10080AB5E /* Build configuration list for PBXNativeTarget "Reloaded-iOS" */;
			buildPhases = (
				15B7589F206D32B00080AB5E /* Sources */,
				15B758A0206D32B00080AB5E /* Frameworks */,
				15B758A1206D32B00080AB5E /* Headers */,
				15B758A2206D32B00080AB5E /* Resources */,
			);
			buildRules = (
			);
			dependencies = (
			);
			name = "Reloaded-iOS";
			productName = "Reloaded-iOS";
			productReference = 15B758A4206D32B00080AB5E /* Reloaded.framework */;
			productType = "com.apple.product-type.framework";
		};
		15B758BF206D32E50080AB5E /* Reloaded-tvOS */ = {
			isa = PBXNativeTarget;
			buildConfigurationList = 15B758D1206D32E50080AB5E /* Build configuration list for PBXNativeTarget "Reloaded-tvOS" */;
			buildPhases = (
				15B758BB206D32E50080AB5E /* Sources */,
				15B758BC206D32E50080AB5E /* Frameworks */,
				15B758BD206D32E50080AB5E /* Headers */,
				15B758BE206D32E50080AB5E /* Resources */,
			);
			buildRules = (
			);
			dependencies = (
			);
			name = "Reloaded-tvOS";
			productName = "Reloaded-tvOS";
			productReference = 15B758C0206D32E50080AB5E /* .framework */;
			productType = "com.apple.product-type.framework";
		};
		15B758F1206D335D0080AB5E /* Reloaded-watchOS */ = {
			isa = PBXNativeTarget;
			buildConfigurationList = 15B758F7206D335D0080AB5E /* Build configuration list for PBXNativeTarget "Reloaded-watchOS" */;
			buildPhases = (
				15B758ED206D335D0080AB5E /* Sources */,
				15B758EE206D335D0080AB5E /* Frameworks */,
				15B758EF206D335D0080AB5E /* Headers */,
				15B758F0206D335D0080AB5E /* Resources */,
			);
			buildRules = (
			);
			dependencies = (
			);
			name = "Reloaded-watchOS";
			productName = "Reloaded-watchOS";
			productReference = 15B758F2206D335D0080AB5E /* .framework */;
			productType = "com.apple.product-type.framework";
		};
		15B75915206D370B0080AB5E /* ReloadedTestsHoldingApp */ = {
			isa = PBXNativeTarget;
			buildConfigurationList = 15B75921206D370C0080AB5E /* Build configuration list for PBXNativeTarget "ReloadedTestsHoldingApp" */;
			buildPhases = (
				15B75912206D370B0080AB5E /* Sources */,
				15B75913206D370B0080AB5E /* Frameworks */,
				15B75914206D370B0080AB5E /* Resources */,
			);
			buildRules = (
			);
			dependencies = (
			);
			name = ReloadedTestsHoldingApp;
			productName = ReloadedTestsHoldingApp;
			productReference = 15B75916206D370B0080AB5E /* ReloadedTestsHoldingApp.app */;
			productType = "com.apple.product-type.application";
		};
/* End PBXNativeTarget section */

/* Begin PBXProject section */
		15B75861206D30FD0080AB5E /* Project object */ = {
			isa = PBXProject;
			attributes = {
				LastSwiftUpdateCheck = 0930;
				LastUpgradeCheck = 0930;
				ORGANIZATIONNAME = LiveUI;
				TargetAttributes = {
					15115D70206D853800BC08D3 = {
						CreatedOnToolsVersion = 9.3;
					};
					15B75869206D30FD0080AB5E = {
						CreatedOnToolsVersion = 9.3;
					};
					15B75872206D30FD0080AB5E = {
						CreatedOnToolsVersion = 9.3;
						TestTargetID = 15B75915206D370B0080AB5E;
					};
					15B758A3206D32B00080AB5E = {
						CreatedOnToolsVersion = 9.3;
					};
					15B758BF206D32E50080AB5E = {
						CreatedOnToolsVersion = 9.3;
					};
					15B758F1206D335D0080AB5E = {
						CreatedOnToolsVersion = 9.3;
					};
					15B75915206D370B0080AB5E = {
						CreatedOnToolsVersion = 9.3;
					};
				};
			};
			buildConfigurationList = 15B75864206D30FD0080AB5E /* Build configuration list for PBXProject "Reloaded" */;
			compatibilityVersion = "Xcode 9.3";
			developmentRegion = en;
			hasScannedForEncodings = 0;
			knownRegions = (
				en,
				Base,
			);
			mainGroup = 15B75860206D30FD0080AB5E;
			productRefGroup = 15B7586B206D30FD0080AB5E /* Products */;
			projectDirPath = "";
			projectRoot = "";
			targets = (
				15B75869206D30FD0080AB5E /* Reloaded-macOS */,
				15B758A3206D32B00080AB5E /* Reloaded-iOS */,
				15B758BF206D32E50080AB5E /* Reloaded-tvOS */,
				15B758F1206D335D0080AB5E /* Reloaded-watchOS */,
				15B75872206D30FD0080AB5E /* ReloadedTests */,
				15B75915206D370B0080AB5E /* ReloadedTestsHoldingApp */,
				15115D70206D853800BC08D3 /* Demo-iOS */,
			);
		};
/* End PBXProject section */

/* Begin PBXResourcesBuildPhase section */
		15115D6F206D853800BC08D3 /* Resources */ = {
			isa = PBXResourcesBuildPhase;
			buildActionMask = 2147483647;
			files = (
				15115D7E206D853900BC08D3 /* LaunchScreen.storyboard in Resources */,
				15115D7B206D853900BC08D3 /* Assets.xcassets in Resources */,
				15115D79206D853800BC08D3 /* Main.storyboard in Resources */,
			);
			runOnlyForDeploymentPostprocessing = 0;
		};
		15B75868206D30FD0080AB5E /* Resources */ = {
			isa = PBXResourcesBuildPhase;
			buildActionMask = 2147483647;
			files = (
			);
			runOnlyForDeploymentPostprocessing = 0;
		};
		15B75871206D30FD0080AB5E /* Resources */ = {
			isa = PBXResourcesBuildPhase;
			buildActionMask = 2147483647;
			files = (
			);
			runOnlyForDeploymentPostprocessing = 0;
		};
		15B758A2206D32B00080AB5E /* Resources */ = {
			isa = PBXResourcesBuildPhase;
			buildActionMask = 2147483647;
			files = (
			);
			runOnlyForDeploymentPostprocessing = 0;
		};
		15B758BE206D32E50080AB5E /* Resources */ = {
			isa = PBXResourcesBuildPhase;
			buildActionMask = 2147483647;
			files = (
			);
			runOnlyForDeploymentPostprocessing = 0;
		};
		15B758F0206D335D0080AB5E /* Resources */ = {
			isa = PBXResourcesBuildPhase;
			buildActionMask = 2147483647;
			files = (
			);
			runOnlyForDeploymentPostprocessing = 0;
		};
		15B75914206D370B0080AB5E /* Resources */ = {
			isa = PBXResourcesBuildPhase;
			buildActionMask = 2147483647;
			files = (
				15B7591B206D370C0080AB5E /* Assets.xcassets in Resources */,
				15B7591E206D370C0080AB5E /* MainMenu.xib in Resources */,
			);
			runOnlyForDeploymentPostprocessing = 0;
		};
/* End PBXResourcesBuildPhase section */

/* Begin PBXSourcesBuildPhase section */
		15115D6D206D853800BC08D3 /* Sources */ = {
			isa = PBXSourcesBuildPhase;
			buildActionMask = 2147483647;
			files = (
				15115D76206D853800BC08D3 /* ViewController.swift in Sources */,
				15115D88206D891B00BC08D3 /* Demo-iOS.xcdatamodeld in Sources */,
				15115D74206D853800BC08D3 /* AppDelegate.swift in Sources */,
			);
			runOnlyForDeploymentPostprocessing = 0;
		};
		15B75865206D30FD0080AB5E /* Sources */ = {
			isa = PBXSourcesBuildPhase;
			buildActionMask = 2147483647;
			files = (
				15115D99206E1B4600BC08D3 /* QueryFilter.swift in Sources */,
				15B7589A206D316E0080AB5E /* Filters.swift in Sources */,
				15115DA4206E1E5000BC08D3 /* QuerySort.swift in Sources */,
				15B75896206D316E0080AB5E /* Sorting.swift in Sources */,
				15B75897206D316E0080AB5E /* QueryField.swift in Sources */,
				15B75899206D316E0080AB5E /* QueryFilterType.swift in Sources */,
				15B7589B206D316E0080AB5E /* CoreData.swift in Sources */,
				15115D9E206E1B8200BC08D3 /* QueryFilterGroup.swift in Sources */,
				15B7589E206D316E0080AB5E /* QueryDataRepresentable.swift in Sources */,
				15B7589C206D316E0080AB5E /* Entity.swift in Sources */,
				15B75895206D316E0080AB5E /* Query.swift in Sources */,
				15B75894206D316E0080AB5E /* Array+NSPredicate.swift in Sources */,
				15B7589D206D316E0080AB5E /* QueryExecutable.swift in Sources */,
				15B75898206D316E0080AB5E /* QueryFilterValue.swift in Sources */,
			);
			runOnlyForDeploymentPostprocessing = 0;
		};
		15B7586F206D30FD0080AB5E /* Sources */ = {
			isa = PBXSourcesBuildPhase;
			buildActionMask = 2147483647;
			files = (
				15B75879206D30FD0080AB5E /* ReloadedTests.swift in Sources */,
				15B75911206D36460080AB5E /* Setup.swift in Sources */,
			);
			runOnlyForDeploymentPostprocessing = 0;
		};
		15B7589F206D32B00080AB5E /* Sources */ = {
			isa = PBXSourcesBuildPhase;
			buildActionMask = 2147483647;
			files = (
				15115D9A206E1B4600BC08D3 /* QueryFilter.swift in Sources */,
				15B758DD206D330D0080AB5E /* Filters.swift in Sources */,
				15115DA5206E1E5000BC08D3 /* QuerySort.swift in Sources */,
				15B758D9206D330D0080AB5E /* Sorting.swift in Sources */,
				15B758DA206D330D0080AB5E /* QueryField.swift in Sources */,
				15B758DC206D330D0080AB5E /* QueryFilterType.swift in Sources */,
				15B758DE206D330D0080AB5E /* CoreData.swift in Sources */,
				15115D9F206E1B8200BC08D3 /* QueryFilterGroup.swift in Sources */,
				15B758E1206D330D0080AB5E /* QueryDataRepresentable.swift in Sources */,
				15B758DF206D330D0080AB5E /* Entity.swift in Sources */,
				15B758D8206D330D0080AB5E /* Query.swift in Sources */,
				15B758D7206D330D0080AB5E /* Array+NSPredicate.swift in Sources */,
				15B758E0206D330D0080AB5E /* QueryExecutable.swift in Sources */,
				15B758DB206D330D0080AB5E /* QueryFilterValue.swift in Sources */,
			);
			runOnlyForDeploymentPostprocessing = 0;
		};
		15B758BB206D32E50080AB5E /* Sources */ = {
			isa = PBXSourcesBuildPhase;
			buildActionMask = 2147483647;
			files = (
				15115D9B206E1B4600BC08D3 /* QueryFilter.swift in Sources */,
				15B758E8206D330E0080AB5E /* Filters.swift in Sources */,
				15115DA6206E1E5000BC08D3 /* QuerySort.swift in Sources */,
				15B758E4206D330E0080AB5E /* Sorting.swift in Sources */,
				15B758E5206D330E0080AB5E /* QueryField.swift in Sources */,
				15B758E7206D330E0080AB5E /* QueryFilterType.swift in Sources */,
				15B758E9206D330E0080AB5E /* CoreData.swift in Sources */,
				15115DA0206E1B8200BC08D3 /* QueryFilterGroup.swift in Sources */,
				15B758EC206D330E0080AB5E /* QueryDataRepresentable.swift in Sources */,
				15B758EA206D330E0080AB5E /* Entity.swift in Sources */,
				15B758E3206D330E0080AB5E /* Query.swift in Sources */,
				15B758E2206D330E0080AB5E /* Array+NSPredicate.swift in Sources */,
				15B758EB206D330E0080AB5E /* QueryExecutable.swift in Sources */,
				15B758E6206D330E0080AB5E /* QueryFilterValue.swift in Sources */,
			);
			runOnlyForDeploymentPostprocessing = 0;
		};
		15B758ED206D335D0080AB5E /* Sources */ = {
			isa = PBXSourcesBuildPhase;
			buildActionMask = 2147483647;
			files = (
				15115D9C206E1B4600BC08D3 /* QueryFilter.swift in Sources */,
				15B75900206D33720080AB5E /* Filters.swift in Sources */,
				15115DA7206E1E5000BC08D3 /* QuerySort.swift in Sources */,
				15B758FC206D33720080AB5E /* Sorting.swift in Sources */,
				15B758FD206D33720080AB5E /* QueryField.swift in Sources */,
				15B758FF206D33720080AB5E /* QueryFilterType.swift in Sources */,
				15B75901206D33720080AB5E /* CoreData.swift in Sources */,
				15115DA1206E1B8200BC08D3 /* QueryFilterGroup.swift in Sources */,
				15B75904206D33720080AB5E /* QueryDataRepresentable.swift in Sources */,
				15B75902206D33720080AB5E /* Entity.swift in Sources */,
				15B758FB206D33720080AB5E /* Query.swift in Sources */,
				15B758FA206D33720080AB5E /* Array+NSPredicate.swift in Sources */,
				15B75903206D33720080AB5E /* QueryExecutable.swift in Sources */,
				15B758FE206D33720080AB5E /* QueryFilterValue.swift in Sources */,
			);
			runOnlyForDeploymentPostprocessing = 0;
		};
		15B75912206D370B0080AB5E /* Sources */ = {
			isa = PBXSourcesBuildPhase;
			buildActionMask = 2147483647;
			files = (
				15B75919206D370B0080AB5E /* AppDelegate.swift in Sources */,
				15115D97206D911300BC08D3 /* ReloadedTestsHoldingApp.xcdatamodeld in Sources */,
			);
			runOnlyForDeploymentPostprocessing = 0;
		};
/* End PBXSourcesBuildPhase section */

/* Begin PBXTargetDependency section */
		15115D84206D855600BC08D3 /* PBXTargetDependency */ = {
			isa = PBXTargetDependency;
			target = 15B758A3206D32B00080AB5E /* Reloaded-iOS */;
			targetProxy = 15115D83206D855600BC08D3 /* PBXContainerItemProxy */;
		};
		15115D96206D905F00BC08D3 /* PBXTargetDependency */ = {
			isa = PBXTargetDependency;
			target = 15B75915206D370B0080AB5E /* ReloadedTestsHoldingApp */;
			targetProxy = 15115D95206D905F00BC08D3 /* PBXContainerItemProxy */;
		};
		15B75876206D30FD0080AB5E /* PBXTargetDependency */ = {
			isa = PBXTargetDependency;
			target = 15B75869206D30FD0080AB5E /* Reloaded-macOS */;
			targetProxy = 15B75875206D30FD0080AB5E /* PBXContainerItemProxy */;
		};
/* End PBXTargetDependency section */

/* Begin PBXVariantGroup section */
		15115D77206D853800BC08D3 /* Main.storyboard */ = {
			isa = PBXVariantGroup;
			children = (
				15115D78206D853800BC08D3 /* Base */,
			);
			name = Main.storyboard;
			sourceTree = "<group>";
		};
		15115D7C206D853900BC08D3 /* LaunchScreen.storyboard */ = {
			isa = PBXVariantGroup;
			children = (
				15115D7D206D853900BC08D3 /* Base */,
			);
			name = LaunchScreen.storyboard;
			sourceTree = "<group>";
		};
		15B7591C206D370C0080AB5E /* MainMenu.xib */ = {
			isa = PBXVariantGroup;
			children = (
				15B7591D206D370C0080AB5E /* Base */,
			);
			name = MainMenu.xib;
			sourceTree = "<group>";
		};
/* End PBXVariantGroup section */

/* Begin XCBuildConfiguration section */
		15115D80206D853900BC08D3 /* Debug */ = {
			isa = XCBuildConfiguration;
			buildSettings = {
				ASSETCATALOG_COMPILER_APPICON_NAME = AppIcon;
				CODE_SIGN_IDENTITY = "iPhone Developer";
				CODE_SIGN_STYLE = Automatic;
				INFOPLIST_FILE = "Demo-iOS/Supporting files/Info.plist";
				IPHONEOS_DEPLOYMENT_TARGET = 11.3;
				LD_RUNPATH_SEARCH_PATHS = (
					"$(inherited)",
					"@executable_path/Frameworks",
				);
				PRODUCT_BUNDLE_IDENTIFIER = "io.liveui.Demo-iOS";
				PRODUCT_NAME = "$(TARGET_NAME)";
				SDKROOT = iphoneos;
				SWIFT_VERSION = 4.0;
				TARGETED_DEVICE_FAMILY = "1,2";
			};
			name = Debug;
		};
		15115D81206D853900BC08D3 /* Release */ = {
			isa = XCBuildConfiguration;
			buildSettings = {
				ASSETCATALOG_COMPILER_APPICON_NAME = AppIcon;
				CODE_SIGN_IDENTITY = "iPhone Developer";
				CODE_SIGN_STYLE = Automatic;
				INFOPLIST_FILE = "Demo-iOS/Supporting files/Info.plist";
				IPHONEOS_DEPLOYMENT_TARGET = 11.3;
				LD_RUNPATH_SEARCH_PATHS = (
					"$(inherited)",
					"@executable_path/Frameworks",
				);
				PRODUCT_BUNDLE_IDENTIFIER = "io.liveui.Demo-iOS";
				PRODUCT_NAME = "$(TARGET_NAME)";
				SDKROOT = iphoneos;
				SWIFT_VERSION = 4.0;
				TARGETED_DEVICE_FAMILY = "1,2";
				VALIDATE_PRODUCT = YES;
			};
			name = Release;
		};
		15B7587C206D30FD0080AB5E /* Debug */ = {
			isa = XCBuildConfiguration;
			buildSettings = {
				ALWAYS_SEARCH_USER_PATHS = NO;
				CLANG_ANALYZER_NONNULL = YES;
				CLANG_ANALYZER_NUMBER_OBJECT_CONVERSION = YES_AGGRESSIVE;
				CLANG_CXX_LANGUAGE_STANDARD = "gnu++14";
				CLANG_CXX_LIBRARY = "libc++";
				CLANG_ENABLE_MODULES = YES;
				CLANG_ENABLE_OBJC_ARC = YES;
				CLANG_ENABLE_OBJC_WEAK = YES;
				CLANG_WARN_BLOCK_CAPTURE_AUTORELEASING = YES;
				CLANG_WARN_BOOL_CONVERSION = YES;
				CLANG_WARN_COMMA = YES;
				CLANG_WARN_CONSTANT_CONVERSION = YES;
				CLANG_WARN_DEPRECATED_OBJC_IMPLEMENTATIONS = YES;
				CLANG_WARN_DIRECT_OBJC_ISA_USAGE = YES_ERROR;
				CLANG_WARN_DOCUMENTATION_COMMENTS = YES;
				CLANG_WARN_EMPTY_BODY = YES;
				CLANG_WARN_ENUM_CONVERSION = YES;
				CLANG_WARN_INFINITE_RECURSION = YES;
				CLANG_WARN_INT_CONVERSION = YES;
				CLANG_WARN_NON_LITERAL_NULL_CONVERSION = YES;
				CLANG_WARN_OBJC_IMPLICIT_RETAIN_SELF = YES;
				CLANG_WARN_OBJC_LITERAL_CONVERSION = YES;
				CLANG_WARN_OBJC_ROOT_CLASS = YES_ERROR;
				CLANG_WARN_RANGE_LOOP_ANALYSIS = YES;
				CLANG_WARN_STRICT_PROTOTYPES = YES;
				CLANG_WARN_SUSPICIOUS_MOVE = YES;
				CLANG_WARN_UNGUARDED_AVAILABILITY = YES_AGGRESSIVE;
				CLANG_WARN_UNREACHABLE_CODE = YES;
				CLANG_WARN__DUPLICATE_METHOD_MATCH = YES;
				CODE_SIGN_IDENTITY = "-";
				COPY_PHASE_STRIP = NO;
				CURRENT_PROJECT_VERSION = 1;
				DEBUG_INFORMATION_FORMAT = dwarf;
				ENABLE_STRICT_OBJC_MSGSEND = YES;
				ENABLE_TESTABILITY = YES;
				GCC_C_LANGUAGE_STANDARD = gnu11;
				GCC_DYNAMIC_NO_PIC = NO;
				GCC_NO_COMMON_BLOCKS = YES;
				GCC_OPTIMIZATION_LEVEL = 0;
				GCC_PREPROCESSOR_DEFINITIONS = (
					"DEBUG=1",
					"$(inherited)",
				);
				GCC_WARN_64_TO_32_BIT_CONVERSION = YES;
				GCC_WARN_ABOUT_RETURN_TYPE = YES_ERROR;
				GCC_WARN_UNDECLARED_SELECTOR = YES;
				GCC_WARN_UNINITIALIZED_AUTOS = YES_AGGRESSIVE;
				GCC_WARN_UNUSED_FUNCTION = YES;
				GCC_WARN_UNUSED_VARIABLE = YES;
				MACOSX_DEPLOYMENT_TARGET = 10.13;
				MTL_ENABLE_DEBUG_INFO = YES;
				ONLY_ACTIVE_ARCH = YES;
				PRODUCT_NAME = Reloaded;
				SDKROOT = macosx;
				SWIFT_ACTIVE_COMPILATION_CONDITIONS = DEBUG;
				SWIFT_OPTIMIZATION_LEVEL = "-Onone";
				VERSIONING_SYSTEM = "apple-generic";
				VERSION_INFO_PREFIX = "";
			};
			name = Debug;
		};
		15B7587D206D30FD0080AB5E /* Release */ = {
			isa = XCBuildConfiguration;
			buildSettings = {
				ALWAYS_SEARCH_USER_PATHS = NO;
				CLANG_ANALYZER_NONNULL = YES;
				CLANG_ANALYZER_NUMBER_OBJECT_CONVERSION = YES_AGGRESSIVE;
				CLANG_CXX_LANGUAGE_STANDARD = "gnu++14";
				CLANG_CXX_LIBRARY = "libc++";
				CLANG_ENABLE_MODULES = YES;
				CLANG_ENABLE_OBJC_ARC = YES;
				CLANG_ENABLE_OBJC_WEAK = YES;
				CLANG_WARN_BLOCK_CAPTURE_AUTORELEASING = YES;
				CLANG_WARN_BOOL_CONVERSION = YES;
				CLANG_WARN_COMMA = YES;
				CLANG_WARN_CONSTANT_CONVERSION = YES;
				CLANG_WARN_DEPRECATED_OBJC_IMPLEMENTATIONS = YES;
				CLANG_WARN_DIRECT_OBJC_ISA_USAGE = YES_ERROR;
				CLANG_WARN_DOCUMENTATION_COMMENTS = YES;
				CLANG_WARN_EMPTY_BODY = YES;
				CLANG_WARN_ENUM_CONVERSION = YES;
				CLANG_WARN_INFINITE_RECURSION = YES;
				CLANG_WARN_INT_CONVERSION = YES;
				CLANG_WARN_NON_LITERAL_NULL_CONVERSION = YES;
				CLANG_WARN_OBJC_IMPLICIT_RETAIN_SELF = YES;
				CLANG_WARN_OBJC_LITERAL_CONVERSION = YES;
				CLANG_WARN_OBJC_ROOT_CLASS = YES_ERROR;
				CLANG_WARN_RANGE_LOOP_ANALYSIS = YES;
				CLANG_WARN_STRICT_PROTOTYPES = YES;
				CLANG_WARN_SUSPICIOUS_MOVE = YES;
				CLANG_WARN_UNGUARDED_AVAILABILITY = YES_AGGRESSIVE;
				CLANG_WARN_UNREACHABLE_CODE = YES;
				CLANG_WARN__DUPLICATE_METHOD_MATCH = YES;
				CODE_SIGN_IDENTITY = "-";
				COPY_PHASE_STRIP = NO;
				CURRENT_PROJECT_VERSION = 1;
				DEBUG_INFORMATION_FORMAT = "dwarf-with-dsym";
				ENABLE_NS_ASSERTIONS = NO;
				ENABLE_STRICT_OBJC_MSGSEND = YES;
				GCC_C_LANGUAGE_STANDARD = gnu11;
				GCC_NO_COMMON_BLOCKS = YES;
				GCC_WARN_64_TO_32_BIT_CONVERSION = YES;
				GCC_WARN_ABOUT_RETURN_TYPE = YES_ERROR;
				GCC_WARN_UNDECLARED_SELECTOR = YES;
				GCC_WARN_UNINITIALIZED_AUTOS = YES_AGGRESSIVE;
				GCC_WARN_UNUSED_FUNCTION = YES;
				GCC_WARN_UNUSED_VARIABLE = YES;
				MACOSX_DEPLOYMENT_TARGET = 10.13;
				MTL_ENABLE_DEBUG_INFO = NO;
				PRODUCT_NAME = Reloaded;
				SDKROOT = macosx;
				SWIFT_COMPILATION_MODE = wholemodule;
				SWIFT_OPTIMIZATION_LEVEL = "-O";
				VERSIONING_SYSTEM = "apple-generic";
				VERSION_INFO_PREFIX = "";
			};
			name = Release;
		};
		15B7587F206D30FD0080AB5E /* Debug */ = {
			isa = XCBuildConfiguration;
			buildSettings = {
				CODE_SIGN_IDENTITY = "";
				CODE_SIGN_STYLE = Automatic;
				COMBINE_HIDPI_IMAGES = YES;
				DEFINES_MODULE = YES;
				DYLIB_COMPATIBILITY_VERSION = 1;
				DYLIB_CURRENT_VERSION = 1;
				DYLIB_INSTALL_NAME_BASE = "@rpath";
				FRAMEWORK_VERSION = A;
				INFOPLIST_FILE = "Reloaded-macOS/Info.plist";
				INSTALL_PATH = "$(LOCAL_LIBRARY_DIR)/Frameworks";
				LD_RUNPATH_SEARCH_PATHS = (
					"$(inherited)",
					"@executable_path/../Frameworks",
					"@loader_path/Frameworks",
				);
				MACOSX_DEPLOYMENT_TARGET = 10.12;
				PRODUCT_BUNDLE_IDENTIFIER = io.liveui.Reloaded;
				SKIP_INSTALL = YES;
				SWIFT_VERSION = 4.0;
			};
			name = Debug;
		};
		15B75880206D30FD0080AB5E /* Release */ = {
			isa = XCBuildConfiguration;
			buildSettings = {
				CODE_SIGN_IDENTITY = "";
				CODE_SIGN_STYLE = Automatic;
				COMBINE_HIDPI_IMAGES = YES;
				DEFINES_MODULE = YES;
				DYLIB_COMPATIBILITY_VERSION = 1;
				DYLIB_CURRENT_VERSION = 1;
				DYLIB_INSTALL_NAME_BASE = "@rpath";
				FRAMEWORK_VERSION = A;
				INFOPLIST_FILE = "Reloaded-macOS/Info.plist";
				INSTALL_PATH = "$(LOCAL_LIBRARY_DIR)/Frameworks";
				LD_RUNPATH_SEARCH_PATHS = (
					"$(inherited)",
					"@executable_path/../Frameworks",
					"@loader_path/Frameworks",
				);
				MACOSX_DEPLOYMENT_TARGET = 10.12;
				PRODUCT_BUNDLE_IDENTIFIER = io.liveui.Reloaded;
				SKIP_INSTALL = YES;
				SWIFT_VERSION = 4.0;
			};
			name = Release;
		};
		15B75882206D30FD0080AB5E /* Debug */ = {
			isa = XCBuildConfiguration;
			buildSettings = {
				ALWAYS_EMBED_SWIFT_STANDARD_LIBRARIES = YES;
				CODE_SIGN_STYLE = Automatic;
				COMBINE_HIDPI_IMAGES = YES;
				INFOPLIST_FILE = ReloadedTests/Info.plist;
				LD_RUNPATH_SEARCH_PATHS = (
					"$(inherited)",
					"@executable_path/../Frameworks",
					"@loader_path/../Frameworks",
				);
				PRODUCT_BUNDLE_IDENTIFIER = io.liveui.ReloadedTests;
				PRODUCT_NAME = "$(TARGET_NAME)";
				SWIFT_VERSION = 4.0;
				TEST_HOST = "$(BUILT_PRODUCTS_DIR)/ReloadedTestsHoldingApp.app/Contents/MacOS/ReloadedTestsHoldingApp";
			};
			name = Debug;
		};
		15B75883206D30FD0080AB5E /* Release */ = {
			isa = XCBuildConfiguration;
			buildSettings = {
				ALWAYS_EMBED_SWIFT_STANDARD_LIBRARIES = YES;
				CODE_SIGN_STYLE = Automatic;
				COMBINE_HIDPI_IMAGES = YES;
				INFOPLIST_FILE = ReloadedTests/Info.plist;
				LD_RUNPATH_SEARCH_PATHS = (
					"$(inherited)",
					"@executable_path/../Frameworks",
					"@loader_path/../Frameworks",
				);
				PRODUCT_BUNDLE_IDENTIFIER = io.liveui.ReloadedTests;
				PRODUCT_NAME = "$(TARGET_NAME)";
				SWIFT_VERSION = 4.0;
				TEST_HOST = "$(BUILT_PRODUCTS_DIR)/ReloadedTestsHoldingApp.app/Contents/MacOS/ReloadedTestsHoldingApp";
			};
			name = Release;
		};
		15B758B6206D32B10080AB5E /* Debug */ = {
			isa = XCBuildConfiguration;
			buildSettings = {
				CODE_SIGN_IDENTITY = "iPhone Developer";
				CODE_SIGN_STYLE = Automatic;
				DEFINES_MODULE = YES;
				DYLIB_COMPATIBILITY_VERSION = 1;
				DYLIB_CURRENT_VERSION = 1;
				DYLIB_INSTALL_NAME_BASE = "@rpath";
				INFOPLIST_FILE = "Reloaded-iOS/Info.plist";
				INSTALL_PATH = "$(LOCAL_LIBRARY_DIR)/Frameworks";
				IPHONEOS_DEPLOYMENT_TARGET = 10.0;
				LD_RUNPATH_SEARCH_PATHS = (
					"$(inherited)",
					"@executable_path/Frameworks",
					"@loader_path/Frameworks",
				);
				PRODUCT_BUNDLE_IDENTIFIER = "io.liveui.Reloaded-iOS";
				SDKROOT = iphoneos;
				SKIP_INSTALL = YES;
				SWIFT_VERSION = 4.0;
				TARGETED_DEVICE_FAMILY = "1,2";
			};
			name = Debug;
		};
		15B758B7206D32B10080AB5E /* Release */ = {
			isa = XCBuildConfiguration;
			buildSettings = {
				CODE_SIGN_IDENTITY = "iPhone Developer";
				CODE_SIGN_STYLE = Automatic;
				DEFINES_MODULE = YES;
				DYLIB_COMPATIBILITY_VERSION = 1;
				DYLIB_CURRENT_VERSION = 1;
				DYLIB_INSTALL_NAME_BASE = "@rpath";
				INFOPLIST_FILE = "Reloaded-iOS/Info.plist";
				INSTALL_PATH = "$(LOCAL_LIBRARY_DIR)/Frameworks";
				IPHONEOS_DEPLOYMENT_TARGET = 10.0;
				LD_RUNPATH_SEARCH_PATHS = (
					"$(inherited)",
					"@executable_path/Frameworks",
					"@loader_path/Frameworks",
				);
				PRODUCT_BUNDLE_IDENTIFIER = "io.liveui.Reloaded-iOS";
				SDKROOT = iphoneos;
				SKIP_INSTALL = YES;
				SWIFT_VERSION = 4.0;
				TARGETED_DEVICE_FAMILY = "1,2";
				VALIDATE_PRODUCT = YES;
			};
			name = Release;
		};
		15B758D2206D32E50080AB5E /* Debug */ = {
			isa = XCBuildConfiguration;
			buildSettings = {
				CODE_SIGN_IDENTITY = "";
				CODE_SIGN_STYLE = Automatic;
				DEFINES_MODULE = YES;
				DYLIB_COMPATIBILITY_VERSION = 1;
				DYLIB_CURRENT_VERSION = 1;
				DYLIB_INSTALL_NAME_BASE = "@rpath";
				INFOPLIST_FILE = "Reloaded-tvOS/Info.plist";
				INSTALL_PATH = "$(LOCAL_LIBRARY_DIR)/Frameworks";
				LD_RUNPATH_SEARCH_PATHS = (
					"$(inherited)",
					"@executable_path/Frameworks",
					"@loader_path/Frameworks",
				);
				PRODUCT_BUNDLE_IDENTIFIER = "io.liveui.Reloaded-tvOS";
				SDKROOT = appletvos;
				SKIP_INSTALL = YES;
				SWIFT_VERSION = 4.0;
				TARGETED_DEVICE_FAMILY = 3;
				TVOS_DEPLOYMENT_TARGET = 10.0;
			};
			name = Debug;
		};
		15B758D3206D32E50080AB5E /* Release */ = {
			isa = XCBuildConfiguration;
			buildSettings = {
				CODE_SIGN_IDENTITY = "";
				CODE_SIGN_STYLE = Automatic;
				DEFINES_MODULE = YES;
				DYLIB_COMPATIBILITY_VERSION = 1;
				DYLIB_CURRENT_VERSION = 1;
				DYLIB_INSTALL_NAME_BASE = "@rpath";
				INFOPLIST_FILE = "Reloaded-tvOS/Info.plist";
				INSTALL_PATH = "$(LOCAL_LIBRARY_DIR)/Frameworks";
				LD_RUNPATH_SEARCH_PATHS = (
					"$(inherited)",
					"@executable_path/Frameworks",
					"@loader_path/Frameworks",
				);
				PRODUCT_BUNDLE_IDENTIFIER = "io.liveui.Reloaded-tvOS";
				SDKROOT = appletvos;
				SKIP_INSTALL = YES;
				SWIFT_VERSION = 4.0;
				TARGETED_DEVICE_FAMILY = 3;
				TVOS_DEPLOYMENT_TARGET = 10.0;
				VALIDATE_PRODUCT = YES;
			};
			name = Release;
		};
		15B758F8206D335D0080AB5E /* Debug */ = {
			isa = XCBuildConfiguration;
			buildSettings = {
				APPLICATION_EXTENSION_API_ONLY = YES;
				CODE_SIGN_IDENTITY = "";
				CODE_SIGN_STYLE = Automatic;
				DEFINES_MODULE = YES;
				DYLIB_COMPATIBILITY_VERSION = 1;
				DYLIB_CURRENT_VERSION = 1;
				DYLIB_INSTALL_NAME_BASE = "@rpath";
				INFOPLIST_FILE = "Reloaded-watchOS/Info.plist";
				INSTALL_PATH = "$(LOCAL_LIBRARY_DIR)/Frameworks";
				LD_RUNPATH_SEARCH_PATHS = (
					"$(inherited)",
					"@executable_path/Frameworks",
					"@loader_path/Frameworks",
				);
				PRODUCT_BUNDLE_IDENTIFIER = "io.liveui.Reloaded-watchOS";
				SDKROOT = watchos;
				SKIP_INSTALL = YES;
				SWIFT_VERSION = 4.0;
				TARGETED_DEVICE_FAMILY = 4;
				WATCHOS_DEPLOYMENT_TARGET = 4.3;
			};
			name = Debug;
		};
		15B758F9206D335D0080AB5E /* Release */ = {
			isa = XCBuildConfiguration;
			buildSettings = {
				APPLICATION_EXTENSION_API_ONLY = YES;
				CODE_SIGN_IDENTITY = "";
				CODE_SIGN_STYLE = Automatic;
				DEFINES_MODULE = YES;
				DYLIB_COMPATIBILITY_VERSION = 1;
				DYLIB_CURRENT_VERSION = 1;
				DYLIB_INSTALL_NAME_BASE = "@rpath";
				INFOPLIST_FILE = "Reloaded-watchOS/Info.plist";
				INSTALL_PATH = "$(LOCAL_LIBRARY_DIR)/Frameworks";
				LD_RUNPATH_SEARCH_PATHS = (
					"$(inherited)",
					"@executable_path/Frameworks",
					"@loader_path/Frameworks",
				);
				PRODUCT_BUNDLE_IDENTIFIER = "io.liveui.Reloaded-watchOS";
				SDKROOT = watchos;
				SKIP_INSTALL = YES;
				SWIFT_VERSION = 4.0;
				TARGETED_DEVICE_FAMILY = 4;
				VALIDATE_PRODUCT = YES;
				WATCHOS_DEPLOYMENT_TARGET = 4.3;
			};
			name = Release;
		};
		15B75922206D370C0080AB5E /* Debug */ = {
			isa = XCBuildConfiguration;
			buildSettings = {
				ASSETCATALOG_COMPILER_APPICON_NAME = AppIcon;
				CODE_SIGN_ENTITLEMENTS = ReloadedTestsHoldingApp/ReloadedTestsHoldingApp.entitlements;
				CODE_SIGN_STYLE = Automatic;
				COMBINE_HIDPI_IMAGES = YES;
				INFOPLIST_FILE = ReloadedTestsHoldingApp/Info.plist;
				LD_RUNPATH_SEARCH_PATHS = (
					"$(inherited)",
					"@executable_path/../Frameworks",
				);
				PRODUCT_BUNDLE_IDENTIFIER = io.liveui.ReloadedTestsHoldingApp;
				PRODUCT_NAME = "$(TARGET_NAME)";
				SWIFT_VERSION = 4.0;
			};
			name = Debug;
		};
		15B75923206D370C0080AB5E /* Release */ = {
			isa = XCBuildConfiguration;
			buildSettings = {
				ASSETCATALOG_COMPILER_APPICON_NAME = AppIcon;
				CODE_SIGN_ENTITLEMENTS = ReloadedTestsHoldingApp/ReloadedTestsHoldingApp.entitlements;
				CODE_SIGN_STYLE = Automatic;
				COMBINE_HIDPI_IMAGES = YES;
				INFOPLIST_FILE = ReloadedTestsHoldingApp/Info.plist;
				LD_RUNPATH_SEARCH_PATHS = (
					"$(inherited)",
					"@executable_path/../Frameworks",
				);
				PRODUCT_BUNDLE_IDENTIFIER = io.liveui.ReloadedTestsHoldingApp;
				PRODUCT_NAME = "$(TARGET_NAME)";
				SWIFT_VERSION = 4.0;
			};
			name = Release;
		};
/* End XCBuildConfiguration section */

/* Begin XCConfigurationList section */
		15115D82206D853900BC08D3 /* Build configuration list for PBXNativeTarget "Demo-iOS" */ = {
			isa = XCConfigurationList;
			buildConfigurations = (
				15115D80206D853900BC08D3 /* Debug */,
				15115D81206D853900BC08D3 /* Release */,
			);
			defaultConfigurationIsVisible = 0;
			defaultConfigurationName = Release;
		};
		15B75864206D30FD0080AB5E /* Build configuration list for PBXProject "Reloaded" */ = {
			isa = XCConfigurationList;
			buildConfigurations = (
				15B7587C206D30FD0080AB5E /* Debug */,
				15B7587D206D30FD0080AB5E /* Release */,
			);
			defaultConfigurationIsVisible = 0;
			defaultConfigurationName = Release;
		};
		15B7587E206D30FD0080AB5E /* Build configuration list for PBXNativeTarget "Reloaded-macOS" */ = {
			isa = XCConfigurationList;
			buildConfigurations = (
				15B7587F206D30FD0080AB5E /* Debug */,
				15B75880206D30FD0080AB5E /* Release */,
			);
			defaultConfigurationIsVisible = 0;
			defaultConfigurationName = Release;
		};
		15B75881206D30FD0080AB5E /* Build configuration list for PBXNativeTarget "ReloadedTests" */ = {
			isa = XCConfigurationList;
			buildConfigurations = (
				15B75882206D30FD0080AB5E /* Debug */,
				15B75883206D30FD0080AB5E /* Release */,
			);
			defaultConfigurationIsVisible = 0;
			defaultConfigurationName = Release;
		};
		15B758B5206D32B10080AB5E /* Build configuration list for PBXNativeTarget "Reloaded-iOS" */ = {
			isa = XCConfigurationList;
			buildConfigurations = (
				15B758B6206D32B10080AB5E /* Debug */,
				15B758B7206D32B10080AB5E /* Release */,
			);
			defaultConfigurationIsVisible = 0;
			defaultConfigurationName = Release;
		};
		15B758D1206D32E50080AB5E /* Build configuration list for PBXNativeTarget "Reloaded-tvOS" */ = {
			isa = XCConfigurationList;
			buildConfigurations = (
				15B758D2206D32E50080AB5E /* Debug */,
				15B758D3206D32E50080AB5E /* Release */,
			);
			defaultConfigurationIsVisible = 0;
			defaultConfigurationName = Release;
		};
		15B758F7206D335D0080AB5E /* Build configuration list for PBXNativeTarget "Reloaded-watchOS" */ = {
			isa = XCConfigurationList;
			buildConfigurations = (
				15B758F8206D335D0080AB5E /* Debug */,
				15B758F9206D335D0080AB5E /* Release */,
			);
			defaultConfigurationIsVisible = 0;
			defaultConfigurationName = Release;
		};
		15B75921206D370C0080AB5E /* Build configuration list for PBXNativeTarget "ReloadedTestsHoldingApp" */ = {
			isa = XCConfigurationList;
			buildConfigurations = (
				15B75922206D370C0080AB5E /* Debug */,
				15B75923206D370C0080AB5E /* Release */,
			);
			defaultConfigurationIsVisible = 0;
			defaultConfigurationName = Release;
		};
/* End XCConfigurationList section */

/* Begin XCVersionGroup section */
		15115D86206D891B00BC08D3 /* Demo-iOS.xcdatamodeld */ = {
			isa = XCVersionGroup;
			children = (
				15115D87206D891B00BC08D3 /* Demo-iOS.xcdatamodel */,
			);
			currentVersion = 15115D87206D891B00BC08D3 /* Demo-iOS.xcdatamodel */;
			path = "Demo-iOS.xcdatamodeld";
			sourceTree = "<group>";
			versionGroupType = wrapper.xcdatamodel;
		};
		15B75909206D34110080AB5E /* ReloadedTestsHoldingApp.xcdatamodeld */ = {
			isa = XCVersionGroup;
			children = (
				15B7590A206D34110080AB5E /* TestData.xcdatamodel */,
			);
			currentVersion = 15B7590A206D34110080AB5E /* TestData.xcdatamodel */;
			path = ReloadedTestsHoldingApp.xcdatamodeld;
			sourceTree = "<group>";
			versionGroupType = wrapper.xcdatamodel;
		};
/* End XCVersionGroup section */
	};
	rootObject = 15B75861206D30FD0080AB5E /* Project object */;
}
